
Microsoft Visual Studio Solution File, Format Version 12.00
# Visual Studio Version 16
VisualStudioVersion = 16.0.29519.181
MinimumVisualStudioVersion = 10.0.40219.1
Project("{FAE04EC0-301F-11D3-BF4B-00C04F79EFBC}") = "ExampleSqlConnection", "ExampleSqlConnection\ExampleSqlConnection.csproj", "{7B9E5EF1-E46D-42E8-81A8-8C5E32AC7491}"
EndProject
Global
	GlobalSection(SolutionConfigurationPlatforms) = preSolution
		Debug|Any CPU = Debug|Any CPU
		Release|Any CPU = Release|Any CPU
	EndGlobalSection
	GlobalSection(ProjectConfigurationPlatforms) = postSolution
		{7B9E5EF1-E46D-42E8-81A8-8C5E32AC7491}.Debug|Any CPU.ActiveCfg = Debug|Any CPU
		{7B9E5EF1-E46D-42E8-81A8-8C5E32AC7491}.Debug|Any CPU.Build.0 = Debug|Any CPU
		{7B9E5EF1-E46D-42E8-81A8-8C5E32AC7491}.Release|Any CPU.ActiveCfg = Release|Any CPU
		{7B9E5EF1-E46D-42E8-81A8-8C5E32AC7491}.Release|Any CPU.Build.0 = Release|Any CPU
	EndGlobalSection
	GlobalSection(SolutionProperties) = preSolution
		HideSolutionNode = FALSE
	EndGlobalSection
	GlobalSection(ExtensibilityGlobals) = postSolution
		SolutionGuid = {99250C90-FA7A-4272-AA66-4AA399B8A561}
	EndGlobalSection
EndGlobal
